// !$*UTF8*$!
{
	archiveVersion = 1;
	classes = {
	};
	objectVersion = 56;
	objects = {

/* Begin PBXBuildFile section */
		6E933BA1EBD251BBA88BCA3D /* Pods_TwitterClone.framework in Frameworks */ = {isa = PBXBuildFile; fileRef = 12098651AF8DB7A0531C613F /* Pods_TwitterClone.framework */; };
		9B0DE78420CC4CCB0F3AB75A /* Pods_TwitterClone_TwitterCloneUITests.framework in Frameworks */ = {isa = PBXBuildFile; fileRef = 9313AEDF37DEFDBD127393AC /* Pods_TwitterClone_TwitterCloneUITests.framework */; };
		A4EC10D3F368CA25B1047D7A /* Pods_TwitterCloneTests.framework in Frameworks */ = {isa = PBXBuildFile; fileRef = 1830CD3124296EF8D47811D9 /* Pods_TwitterCloneTests.framework */; };
		D1E8688029A12F600019B349 /* AppDelegate.swift in Sources */ = {isa = PBXBuildFile; fileRef = D1E8687F29A12F600019B349 /* AppDelegate.swift */; };
		D1E8688229A12F600019B349 /* SceneDelegate.swift in Sources */ = {isa = PBXBuildFile; fileRef = D1E8688129A12F600019B349 /* SceneDelegate.swift */; };
		D1E8688429A12F600019B349 /* MainTabbarViewController.swift in Sources */ = {isa = PBXBuildFile; fileRef = D1E8688329A12F600019B349 /* MainTabbarViewController.swift */; };
		D1E8688929A12F610019B349 /* Assets.xcassets in Resources */ = {isa = PBXBuildFile; fileRef = D1E8688829A12F610019B349 /* Assets.xcassets */; };
		D1E8688C29A12F610019B349 /* LaunchScreen.storyboard in Resources */ = {isa = PBXBuildFile; fileRef = D1E8688A29A12F610019B349 /* LaunchScreen.storyboard */; };
		D1E8689729A12F610019B349 /* TwitterCloneTests.swift in Sources */ = {isa = PBXBuildFile; fileRef = D1E8689629A12F610019B349 /* TwitterCloneTests.swift */; };
		D1E868A129A12F610019B349 /* TwitterCloneUITests.swift in Sources */ = {isa = PBXBuildFile; fileRef = D1E868A029A12F610019B349 /* TwitterCloneUITests.swift */; };
		D1E868A329A12F610019B349 /* TwitterCloneUITestsLaunchTests.swift in Sources */ = {isa = PBXBuildFile; fileRef = D1E868A229A12F610019B349 /* TwitterCloneUITestsLaunchTests.swift */; };
		D1E868B229A131E50019B349 /* HomeViewController.swift in Sources */ = {isa = PBXBuildFile; fileRef = D1E868B129A131E50019B349 /* HomeViewController.swift */; };
		D1E868B429A132580019B349 /* SearchViewController.swift in Sources */ = {isa = PBXBuildFile; fileRef = D1E868B329A132580019B349 /* SearchViewController.swift */; };
		D1E868B629A132690019B349 /* NotificationsViewController.swift in Sources */ = {isa = PBXBuildFile; fileRef = D1E868B529A132690019B349 /* NotificationsViewController.swift */; };
		D1E868B829A132750019B349 /* DirectMessagesViewController.swift in Sources */ = {isa = PBXBuildFile; fileRef = D1E868B729A132750019B349 /* DirectMessagesViewController.swift */; };
/* End PBXBuildFile section */

/* Begin PBXContainerItemProxy section */
		D1E8689329A12F610019B349 /* PBXContainerItemProxy */ = {
			isa = PBXContainerItemProxy;
			containerPortal = D1E8687429A12F5F0019B349 /* Project object */;
			proxyType = 1;
			remoteGlobalIDString = D1E8687B29A12F600019B349;
			remoteInfo = TwitterClone;
		};
		D1E8689D29A12F610019B349 /* PBXContainerItemProxy */ = {
			isa = PBXContainerItemProxy;
			containerPortal = D1E8687429A12F5F0019B349 /* Project object */;
			proxyType = 1;
			remoteGlobalIDString = D1E8687B29A12F600019B349;
			remoteInfo = TwitterClone;
		};
/* End PBXContainerItemProxy section */

/* Begin PBXFileReference section */
		05A9A3B494C02969770D823D /* Pods-TwitterClone.debug.xcconfig */ = {isa = PBXFileReference; includeInIndex = 1; lastKnownFileType = text.xcconfig; name = "Pods-TwitterClone.debug.xcconfig"; path = "Target Support Files/Pods-TwitterClone/Pods-TwitterClone.debug.xcconfig"; sourceTree = "<group>"; };
		12098651AF8DB7A0531C613F /* Pods_TwitterClone.framework */ = {isa = PBXFileReference; explicitFileType = wrapper.framework; includeInIndex = 0; path = Pods_TwitterClone.framework; sourceTree = BUILT_PRODUCTS_DIR; };
		12FEE02ACC3F88C186917D61 /* Pods-TwitterCloneTests.release.xcconfig */ = {isa = PBXFileReference; includeInIndex = 1; lastKnownFileType = text.xcconfig; name = "Pods-TwitterCloneTests.release.xcconfig"; path = "Target Support Files/Pods-TwitterCloneTests/Pods-TwitterCloneTests.release.xcconfig"; sourceTree = "<group>"; };
		1830CD3124296EF8D47811D9 /* Pods_TwitterCloneTests.framework */ = {isa = PBXFileReference; explicitFileType = wrapper.framework; includeInIndex = 0; path = Pods_TwitterCloneTests.framework; sourceTree = BUILT_PRODUCTS_DIR; };
		4C0CDB4B49282A10F1249B6D /* Pods-TwitterClone-TwitterCloneUITests.debug.xcconfig */ = {isa = PBXFileReference; includeInIndex = 1; lastKnownFileType = text.xcconfig; name = "Pods-TwitterClone-TwitterCloneUITests.debug.xcconfig"; path = "Target Support Files/Pods-TwitterClone-TwitterCloneUITests/Pods-TwitterClone-TwitterCloneUITests.debug.xcconfig"; sourceTree = "<group>"; };
		9313AEDF37DEFDBD127393AC /* Pods_TwitterClone_TwitterCloneUITests.framework */ = {isa = PBXFileReference; explicitFileType = wrapper.framework; includeInIndex = 0; path = Pods_TwitterClone_TwitterCloneUITests.framework; sourceTree = BUILT_PRODUCTS_DIR; };
		A836912342AF9DCF181E39D7 /* Pods-TwitterClone.release.xcconfig */ = {isa = PBXFileReference; includeInIndex = 1; lastKnownFileType = text.xcconfig; name = "Pods-TwitterClone.release.xcconfig"; path = "Target Support Files/Pods-TwitterClone/Pods-TwitterClone.release.xcconfig"; sourceTree = "<group>"; };
		AC9A54844CF2E65E1379852F /* Pods-TwitterClone-TwitterCloneUITests.release.xcconfig */ = {isa = PBXFileReference; includeInIndex = 1; lastKnownFileType = text.xcconfig; name = "Pods-TwitterClone-TwitterCloneUITests.release.xcconfig"; path = "Target Support Files/Pods-TwitterClone-TwitterCloneUITests/Pods-TwitterClone-TwitterCloneUITests.release.xcconfig"; sourceTree = "<group>"; };
		C5E0615E27FA3CE3DB7997F1 /* Pods-TwitterCloneTests.debug.xcconfig */ = {isa = PBXFileReference; includeInIndex = 1; lastKnownFileType = text.xcconfig; name = "Pods-TwitterCloneTests.debug.xcconfig"; path = "Target Support Files/Pods-TwitterCloneTests/Pods-TwitterCloneTests.debug.xcconfig"; sourceTree = "<group>"; };
		D1E8687C29A12F600019B349 /* TwitterClone.app */ = {isa = PBXFileReference; explicitFileType = wrapper.application; includeInIndex = 0; path = TwitterClone.app; sourceTree = BUILT_PRODUCTS_DIR; };
		D1E8687F29A12F600019B349 /* AppDelegate.swift */ = {isa = PBXFileReference; lastKnownFileType = sourcecode.swift; path = AppDelegate.swift; sourceTree = "<group>"; };
		D1E8688129A12F600019B349 /* SceneDelegate.swift */ = {isa = PBXFileReference; lastKnownFileType = sourcecode.swift; path = SceneDelegate.swift; sourceTree = "<group>"; };
		D1E8688329A12F600019B349 /* MainTabbarViewController.swift */ = {isa = PBXFileReference; lastKnownFileType = sourcecode.swift; path = MainTabbarViewController.swift; sourceTree = "<group>"; };
		D1E8688829A12F610019B349 /* Assets.xcassets */ = {isa = PBXFileReference; lastKnownFileType = folder.assetcatalog; path = Assets.xcassets; sourceTree = "<group>"; };
		D1E8688B29A12F610019B349 /* Base */ = {isa = PBXFileReference; lastKnownFileType = file.storyboard; name = Base; path = Base.lproj/LaunchScreen.storyboard; sourceTree = "<group>"; };
		D1E8688D29A12F610019B349 /* Info.plist */ = {isa = PBXFileReference; lastKnownFileType = text.plist.xml; path = Info.plist; sourceTree = "<group>"; };
		D1E8689229A12F610019B349 /* TwitterCloneTests.xctest */ = {isa = PBXFileReference; explicitFileType = wrapper.cfbundle; includeInIndex = 0; path = TwitterCloneTests.xctest; sourceTree = BUILT_PRODUCTS_DIR; };
		D1E8689629A12F610019B349 /* TwitterCloneTests.swift */ = {isa = PBXFileReference; lastKnownFileType = sourcecode.swift; path = TwitterCloneTests.swift; sourceTree = "<group>"; };
		D1E8689C29A12F610019B349 /* TwitterCloneUITests.xctest */ = {isa = PBXFileReference; explicitFileType = wrapper.cfbundle; includeInIndex = 0; path = TwitterCloneUITests.xctest; sourceTree = BUILT_PRODUCTS_DIR; };
		D1E868A029A12F610019B349 /* TwitterCloneUITests.swift */ = {isa = PBXFileReference; lastKnownFileType = sourcecode.swift; path = TwitterCloneUITests.swift; sourceTree = "<group>"; };
		D1E868A229A12F610019B349 /* TwitterCloneUITestsLaunchTests.swift */ = {isa = PBXFileReference; lastKnownFileType = sourcecode.swift; path = TwitterCloneUITestsLaunchTests.swift; sourceTree = "<group>"; };
		D1E868B129A131E50019B349 /* HomeViewController.swift */ = {isa = PBXFileReference; lastKnownFileType = sourcecode.swift; path = HomeViewController.swift; sourceTree = "<group>"; };
		D1E868B329A132580019B349 /* SearchViewController.swift */ = {isa = PBXFileReference; lastKnownFileType = sourcecode.swift; path = SearchViewController.swift; sourceTree = "<group>"; };
		D1E868B529A132690019B349 /* NotificationsViewController.swift */ = {isa = PBXFileReference; lastKnownFileType = sourcecode.swift; path = NotificationsViewController.swift; sourceTree = "<group>"; };
		D1E868B729A132750019B349 /* DirectMessagesViewController.swift */ = {isa = PBXFileReference; lastKnownFileType = sourcecode.swift; path = DirectMessagesViewController.swift; sourceTree = "<group>"; };
/* End PBXFileReference section */

/* Begin PBXFrameworksBuildPhase section */
		D1E8687929A12F600019B349 /* Frameworks */ = {
			isa = PBXFrameworksBuildPhase;
			buildActionMask = 2147483647;
			files = (
				6E933BA1EBD251BBA88BCA3D /* Pods_TwitterClone.framework in Frameworks */,
			);
			runOnlyForDeploymentPostprocessing = 0;
		};
		D1E8688F29A12F610019B349 /* Frameworks */ = {
			isa = PBXFrameworksBuildPhase;
			buildActionMask = 2147483647;
			files = (
				A4EC10D3F368CA25B1047D7A /* Pods_TwitterCloneTests.framework in Frameworks */,
			);
			runOnlyForDeploymentPostprocessing = 0;
		};
		D1E8689929A12F610019B349 /* Frameworks */ = {
			isa = PBXFrameworksBuildPhase;
			buildActionMask = 2147483647;
			files = (
				9B0DE78420CC4CCB0F3AB75A /* Pods_TwitterClone_TwitterCloneUITests.framework in Frameworks */,
			);
			runOnlyForDeploymentPostprocessing = 0;
		};
/* End PBXFrameworksBuildPhase section */

/* Begin PBXGroup section */
		2F0AE79C8B74A820E2F722AD /* Frameworks */ = {
			isa = PBXGroup;
			children = (
				12098651AF8DB7A0531C613F /* Pods_TwitterClone.framework */,
				9313AEDF37DEFDBD127393AC /* Pods_TwitterClone_TwitterCloneUITests.framework */,
				1830CD3124296EF8D47811D9 /* Pods_TwitterCloneTests.framework */,
			);
			name = Frameworks;
			sourceTree = "<group>";
		};
		66832BB36EC0F24B861D1231 /* Pods */ = {
			isa = PBXGroup;
			children = (
				05A9A3B494C02969770D823D /* Pods-TwitterClone.debug.xcconfig */,
				A836912342AF9DCF181E39D7 /* Pods-TwitterClone.release.xcconfig */,
				4C0CDB4B49282A10F1249B6D /* Pods-TwitterClone-TwitterCloneUITests.debug.xcconfig */,
				AC9A54844CF2E65E1379852F /* Pods-TwitterClone-TwitterCloneUITests.release.xcconfig */,
				C5E0615E27FA3CE3DB7997F1 /* Pods-TwitterCloneTests.debug.xcconfig */,
				12FEE02ACC3F88C186917D61 /* Pods-TwitterCloneTests.release.xcconfig */,
			);
			path = Pods;
			sourceTree = "<group>";
		};
		D1E8687329A12F5F0019B349 = {
			isa = PBXGroup;
			children = (
				D1E8687E29A12F600019B349 /* TwitterClone */,
				D1E8689529A12F610019B349 /* TwitterCloneTests */,
				D1E8689F29A12F610019B349 /* TwitterCloneUITests */,
				D1E8687D29A12F600019B349 /* Products */,
				66832BB36EC0F24B861D1231 /* Pods */,
				2F0AE79C8B74A820E2F722AD /* Frameworks */,
			);
			sourceTree = "<group>";
		};
		D1E8687D29A12F600019B349 /* Products */ = {
			isa = PBXGroup;
			children = (
				D1E8687C29A12F600019B349 /* TwitterClone.app */,
				D1E8689229A12F610019B349 /* TwitterCloneTests.xctest */,
				D1E8689C29A12F610019B349 /* TwitterCloneUITests.xctest */,
			);
			name = Products;
			sourceTree = "<group>";
		};
		D1E8687E29A12F600019B349 /* TwitterClone */ = {
			isa = PBXGroup;
			children = (
				D1E868AF29A131BE0019B349 /* Controllers */,
				D1E8687F29A12F600019B349 /* AppDelegate.swift */,
				D1E8688129A12F600019B349 /* SceneDelegate.swift */,
				D1E8688329A12F600019B349 /* MainTabbarViewController.swift */,
				D1E8688829A12F610019B349 /* Assets.xcassets */,
				D1E8688A29A12F610019B349 /* LaunchScreen.storyboard */,
				D1E8688D29A12F610019B349 /* Info.plist */,
			);
			path = TwitterClone;
			sourceTree = "<group>";
		};
		D1E8689529A12F610019B349 /* TwitterCloneTests */ = {
			isa = PBXGroup;
			children = (
				D1E8689629A12F610019B349 /* TwitterCloneTests.swift */,
			);
			path = TwitterCloneTests;
			sourceTree = "<group>";
		};
		D1E8689F29A12F610019B349 /* TwitterCloneUITests */ = {
			isa = PBXGroup;
			children = (
				D1E868A029A12F610019B349 /* TwitterCloneUITests.swift */,
				D1E868A229A12F610019B349 /* TwitterCloneUITestsLaunchTests.swift */,
			);
			path = TwitterCloneUITests;
			sourceTree = "<group>";
		};
		D1E868AF29A131BE0019B349 /* Controllers */ = {
			isa = PBXGroup;
			children = (
				D1E868B029A131C70019B349 /* Core */,
			);
			path = Controllers;
			sourceTree = "<group>";
		};
		D1E868B029A131C70019B349 /* Core */ = {
			isa = PBXGroup;
			children = (
				D1E868B129A131E50019B349 /* HomeViewController.swift */,
				D1E868B329A132580019B349 /* SearchViewController.swift */,
				D1E868B529A132690019B349 /* NotificationsViewController.swift */,
				D1E868B729A132750019B349 /* DirectMessagesViewController.swift */,
			);
			path = Core;
			sourceTree = "<group>";
		};
/* End PBXGroup section */

/* Begin PBXNativeTarget section */
		D1E8687B29A12F600019B349 /* TwitterClone */ = {
			isa = PBXNativeTarget;
			buildConfigurationList = D1E868A629A12F610019B349 /* Build configuration list for PBXNativeTarget "TwitterClone" */;
			buildPhases = (
				A800982ECCD74FC307B67C96 /* [CP] Check Pods Manifest.lock */,
				D1E8687829A12F600019B349 /* Sources */,
				D1E8687929A12F600019B349 /* Frameworks */,
				D1E8687A29A12F600019B349 /* Resources */,
				655E28BC825AB0B3098D7B8A /* [CP] Embed Pods Frameworks */,
			);
			buildRules = (
			);
			dependencies = (
			);
			name = TwitterClone;
			productName = TwitterClone;
			productReference = D1E8687C29A12F600019B349 /* TwitterClone.app */;
			productType = "com.apple.product-type.application";
		};
		D1E8689129A12F610019B349 /* TwitterCloneTests */ = {
			isa = PBXNativeTarget;
			buildConfigurationList = D1E868A929A12F610019B349 /* Build configuration list for PBXNativeTarget "TwitterCloneTests" */;
			buildPhases = (
				53450E47DBE6BBB79513A422 /* [CP] Check Pods Manifest.lock */,
				D1E8688E29A12F610019B349 /* Sources */,
				D1E8688F29A12F610019B349 /* Frameworks */,
				D1E8689029A12F610019B349 /* Resources */,
			);
			buildRules = (
			);
			dependencies = (
				D1E8689429A12F610019B349 /* PBXTargetDependency */,
			);
			name = TwitterCloneTests;
			productName = TwitterCloneTests;
			productReference = D1E8689229A12F610019B349 /* TwitterCloneTests.xctest */;
			productType = "com.apple.product-type.bundle.unit-test";
		};
		D1E8689B29A12F610019B349 /* TwitterCloneUITests */ = {
			isa = PBXNativeTarget;
			buildConfigurationList = D1E868AC29A12F610019B349 /* Build configuration list for PBXNativeTarget "TwitterCloneUITests" */;
			buildPhases = (
				5560D88F1EAB912C8E55DA08 /* [CP] Check Pods Manifest.lock */,
				D1E8689829A12F610019B349 /* Sources */,
				D1E8689929A12F610019B349 /* Frameworks */,
				D1E8689A29A12F610019B349 /* Resources */,
				689EC8F07AE956984E350FE3 /* [CP] Embed Pods Frameworks */,
			);
			buildRules = (
			);
			dependencies = (
				D1E8689E29A12F610019B349 /* PBXTargetDependency */,
			);
			name = TwitterCloneUITests;
			productName = TwitterCloneUITests;
			productReference = D1E8689C29A12F610019B349 /* TwitterCloneUITests.xctest */;
			productType = "com.apple.product-type.bundle.ui-testing";
		};
/* End PBXNativeTarget section */

/* Begin PBXProject section */
		D1E8687429A12F5F0019B349 /* Project object */ = {
			isa = PBXProject;
			attributes = {
				BuildIndependentTargetsInParallel = 1;
				LastSwiftUpdateCheck = 1420;
				LastUpgradeCheck = 1420;
				TargetAttributes = {
					D1E8687B29A12F600019B349 = {
						CreatedOnToolsVersion = 14.2;
					};
					D1E8689129A12F610019B349 = {
						CreatedOnToolsVersion = 14.2;
						TestTargetID = D1E8687B29A12F600019B349;
					};
					D1E8689B29A12F610019B349 = {
						CreatedOnToolsVersion = 14.2;
						TestTargetID = D1E8687B29A12F600019B349;
					};
				};
			};
			buildConfigurationList = D1E8687729A12F5F0019B349 /* Build configuration list for PBXProject "TwitterClone" */;
			compatibilityVersion = "Xcode 14.0";
			developmentRegion = en;
			hasScannedForEncodings = 0;
			knownRegions = (
				en,
				Base,
			);
			mainGroup = D1E8687329A12F5F0019B349;
			productRefGroup = D1E8687D29A12F600019B349 /* Products */;
			projectDirPath = "";
			projectRoot = "";
			targets = (
				D1E8687B29A12F600019B349 /* TwitterClone */,
				D1E8689129A12F610019B349 /* TwitterCloneTests */,
				D1E8689B29A12F610019B349 /* TwitterCloneUITests */,
			);
		};
/* End PBXProject section */

/* Begin PBXResourcesBuildPhase section */
		D1E8687A29A12F600019B349 /* Resources */ = {
			isa = PBXResourcesBuildPhase;
			buildActionMask = 2147483647;
			files = (
				D1E8688C29A12F610019B349 /* LaunchScreen.storyboard in Resources */,
				D1E8688929A12F610019B349 /* Assets.xcassets in Resources */,
			);
			runOnlyForDeploymentPostprocessing = 0;
		};
		D1E8689029A12F610019B349 /* Resources */ = {
			isa = PBXResourcesBuildPhase;
			buildActionMask = 2147483647;
			files = (
			);
			runOnlyForDeploymentPostprocessing = 0;
		};
		D1E8689A29A12F610019B349 /* Resources */ = {
			isa = PBXResourcesBuildPhase;
			buildActionMask = 2147483647;
			files = (
			);
			runOnlyForDeploymentPostprocessing = 0;
		};
/* End PBXResourcesBuildPhase section */

/* Begin PBXShellScriptBuildPhase section */
		53450E47DBE6BBB79513A422 /* [CP] Check Pods Manifest.lock */ = {
			isa = PBXShellScriptBuildPhase;
			buildActionMask = 2147483647;
			files = (
			);
			inputFileListPaths = (
			);
			inputPaths = (
				"${PODS_PODFILE_DIR_PATH}/Podfile.lock",
				"${PODS_ROOT}/Manifest.lock",
			);
			name = "[CP] Check Pods Manifest.lock";
			outputFileListPaths = (
			);
			outputPaths = (
				"$(DERIVED_FILE_DIR)/Pods-TwitterCloneTests-checkManifestLockResult.txt",
			);
			runOnlyForDeploymentPostprocessing = 0;
			shellPath = /bin/sh;
			shellScript = "diff \"${PODS_PODFILE_DIR_PATH}/Podfile.lock\" \"${PODS_ROOT}/Manifest.lock\" > /dev/null\nif [ $? != 0 ] ; then\n    # print error to STDERR\n    echo \"error: The sandbox is not in sync with the Podfile.lock. Run 'pod install' or update your CocoaPods installation.\" >&2\n    exit 1\nfi\n# This output is used by Xcode 'outputs' to avoid re-running this script phase.\necho \"SUCCESS\" > \"${SCRIPT_OUTPUT_FILE_0}\"\n";
			showEnvVarsInLog = 0;
		};
		5560D88F1EAB912C8E55DA08 /* [CP] Check Pods Manifest.lock */ = {
			isa = PBXShellScriptBuildPhase;
			buildActionMask = 2147483647;
			files = (
			);
			inputFileListPaths = (
			);
			inputPaths = (
				"${PODS_PODFILE_DIR_PATH}/Podfile.lock",
				"${PODS_ROOT}/Manifest.lock",
			);
			name = "[CP] Check Pods Manifest.lock";
			outputFileListPaths = (
			);
			outputPaths = (
				"$(DERIVED_FILE_DIR)/Pods-TwitterClone-TwitterCloneUITests-checkManifestLockResult.txt",
			);
			runOnlyForDeploymentPostprocessing = 0;
			shellPath = /bin/sh;
			shellScript = "diff \"${PODS_PODFILE_DIR_PATH}/Podfile.lock\" \"${PODS_ROOT}/Manifest.lock\" > /dev/null\nif [ $? != 0 ] ; then\n    # print error to STDERR\n    echo \"error: The sandbox is not in sync with the Podfile.lock. Run 'pod install' or update your CocoaPods installation.\" >&2\n    exit 1\nfi\n# This output is used by Xcode 'outputs' to avoid re-running this script phase.\necho \"SUCCESS\" > \"${SCRIPT_OUTPUT_FILE_0}\"\n";
			showEnvVarsInLog = 0;
		};
		655E28BC825AB0B3098D7B8A /* [CP] Embed Pods Frameworks */ = {
			isa = PBXShellScriptBuildPhase;
			buildActionMask = 2147483647;
			files = (
			);
			inputFileListPaths = (
				"${PODS_ROOT}/Target Support Files/Pods-TwitterClone/Pods-TwitterClone-frameworks-${CONFIGURATION}-input-files.xcfilelist",
			);
			name = "[CP] Embed Pods Frameworks";
			outputFileListPaths = (
				"${PODS_ROOT}/Target Support Files/Pods-TwitterClone/Pods-TwitterClone-frameworks-${CONFIGURATION}-output-files.xcfilelist",
			);
			runOnlyForDeploymentPostprocessing = 0;
			shellPath = /bin/sh;
			shellScript = "\"${PODS_ROOT}/Target Support Files/Pods-TwitterClone/Pods-TwitterClone-frameworks.sh\"\n";
			showEnvVarsInLog = 0;
		};
		689EC8F07AE956984E350FE3 /* [CP] Embed Pods Frameworks */ = {
			isa = PBXShellScriptBuildPhase;
			buildActionMask = 2147483647;
			files = (
			);
			inputFileListPaths = (
				"${PODS_ROOT}/Target Support Files/Pods-TwitterClone-TwitterCloneUITests/Pods-TwitterClone-TwitterCloneUITests-frameworks-${CONFIGURATION}-input-files.xcfilelist",
			);
			name = "[CP] Embed Pods Frameworks";
			outputFileListPaths = (
				"${PODS_ROOT}/Target Support Files/Pods-TwitterClone-TwitterCloneUITests/Pods-TwitterClone-TwitterCloneUITests-frameworks-${CONFIGURATION}-output-files.xcfilelist",
			);
			runOnlyForDeploymentPostprocessing = 0;
			shellPath = /bin/sh;
			shellScript = "\"${PODS_ROOT}/Target Support Files/Pods-TwitterClone-TwitterCloneUITests/Pods-TwitterClone-TwitterCloneUITests-frameworks.sh\"\n";
			showEnvVarsInLog = 0;
		};
		A800982ECCD74FC307B67C96 /* [CP] Check Pods Manifest.lock */ = {
			isa = PBXShellScriptBuildPhase;
			buildActionMask = 2147483647;
			files = (
			);
			inputFileListPaths = (
			);
			inputPaths = (
				"${PODS_PODFILE_DIR_PATH}/Podfile.lock",
				"${PODS_ROOT}/Manifest.lock",
			);
			name = "[CP] Check Pods Manifest.lock";
			outputFileListPaths = (
			);
			outputPaths = (
				"$(DERIVED_FILE_DIR)/Pods-TwitterClone-checkManifestLockResult.txt",
			);
			runOnlyForDeploymentPostprocessing = 0;
			shellPath = /bin/sh;
			shellScript = "diff \"${PODS_PODFILE_DIR_PATH}/Podfile.lock\" \"${PODS_ROOT}/Manifest.lock\" > /dev/null\nif [ $? != 0 ] ; then\n    # print error to STDERR\n    echo \"error: The sandbox is not in sync with the Podfile.lock. Run 'pod install' or update your CocoaPods installation.\" >&2\n    exit 1\nfi\n# This output is used by Xcode 'outputs' to avoid re-running this script phase.\necho \"SUCCESS\" > \"${SCRIPT_OUTPUT_FILE_0}\"\n";
			showEnvVarsInLog = 0;
		};
/* End PBXShellScriptBuildPhase section */

/* Begin PBXSourcesBuildPhase section */
		D1E8687829A12F600019B349 /* Sources */ = {
			isa = PBXSourcesBuildPhase;
			buildActionMask = 2147483647;
			files = (
				D1E868B429A132580019B349 /* SearchViewController.swift in Sources */,
				D1E8688429A12F600019B349 /* MainTabbarViewController.swift in Sources */,
				D1E8688029A12F600019B349 /* AppDelegate.swift in Sources */,
				D1E868B629A132690019B349 /* NotificationsViewController.swift in Sources */,
				D1E8688229A12F600019B349 /* SceneDelegate.swift in Sources */,
				D1E868B229A131E50019B349 /* HomeViewController.swift in Sources */,
				D1E868B829A132750019B349 /* DirectMessagesViewController.swift in Sources */,
			);
			runOnlyForDeploymentPostprocessing = 0;
		};
		D1E8688E29A12F610019B349 /* Sources */ = {
			isa = PBXSourcesBuildPhase;
			buildActionMask = 2147483647;
			files = (
				D1E8689729A12F610019B349 /* TwitterCloneTests.swift in Sources */,
			);
			runOnlyForDeploymentPostprocessing = 0;
		};
		D1E8689829A12F610019B349 /* Sources */ = {
			isa = PBXSourcesBuildPhase;
			buildActionMask = 2147483647;
			files = (
				D1E868A329A12F610019B349 /* TwitterCloneUITestsLaunchTests.swift in Sources */,
				D1E868A129A12F610019B349 /* TwitterCloneUITests.swift in Sources */,
			);
			runOnlyForDeploymentPostprocessing = 0;
		};
/* End PBXSourcesBuildPhase section */

/* Begin PBXTargetDependency section */
		D1E8689429A12F610019B349 /* PBXTargetDependency */ = {
			isa = PBXTargetDependency;
			target = D1E8687B29A12F600019B349 /* TwitterClone */;
			targetProxy = D1E8689329A12F610019B349 /* PBXContainerItemProxy */;
		};
		D1E8689E29A12F610019B349 /* PBXTargetDependency */ = {
			isa = PBXTargetDependency;
			target = D1E8687B29A12F600019B349 /* TwitterClone */;
			targetProxy = D1E8689D29A12F610019B349 /* PBXContainerItemProxy */;
		};
/* End PBXTargetDependency section */

/* Begin PBXVariantGroup section */
		D1E8688A29A12F610019B349 /* LaunchScreen.storyboard */ = {
			isa = PBXVariantGroup;
			children = (
				D1E8688B29A12F610019B349 /* Base */,
			);
			name = LaunchScreen.storyboard;
			sourceTree = "<group>";
		};
/* End PBXVariantGroup section */

/* Begin XCBuildConfiguration section */
		D1E868A429A12F610019B349 /* Debug */ = {
			isa = XCBuildConfiguration;
			buildSettings = {
				ALWAYS_SEARCH_USER_PATHS = NO;
				CLANG_ANALYZER_NONNULL = YES;
				CLANG_ANALYZER_NUMBER_OBJECT_CONVERSION = YES_AGGRESSIVE;
				CLANG_CXX_LANGUAGE_STANDARD = "gnu++20";
				CLANG_ENABLE_MODULES = YES;
				CLANG_ENABLE_OBJC_ARC = YES;
				CLANG_ENABLE_OBJC_WEAK = YES;
				CLANG_WARN_BLOCK_CAPTURE_AUTORELEASING = YES;
				CLANG_WARN_BOOL_CONVERSION = YES;
				CLANG_WARN_COMMA = YES;
				CLANG_WARN_CONSTANT_CONVERSION = YES;
				CLANG_WARN_DEPRECATED_OBJC_IMPLEMENTATIONS = YES;
				CLANG_WARN_DIRECT_OBJC_ISA_USAGE = YES_ERROR;
				CLANG_WARN_DOCUMENTATION_COMMENTS = YES;
				CLANG_WARN_EMPTY_BODY = YES;
				CLANG_WARN_ENUM_CONVERSION = YES;
				CLANG_WARN_INFINITE_RECURSION = YES;
				CLANG_WARN_INT_CONVERSION = YES;
				CLANG_WARN_NON_LITERAL_NULL_CONVERSION = YES;
				CLANG_WARN_OBJC_IMPLICIT_RETAIN_SELF = YES;
				CLANG_WARN_OBJC_LITERAL_CONVERSION = YES;
				CLANG_WARN_OBJC_ROOT_CLASS = YES_ERROR;
				CLANG_WARN_QUOTED_INCLUDE_IN_FRAMEWORK_HEADER = YES;
				CLANG_WARN_RANGE_LOOP_ANALYSIS = YES;
				CLANG_WARN_STRICT_PROTOTYPES = YES;
				CLANG_WARN_SUSPICIOUS_MOVE = YES;
				CLANG_WARN_UNGUARDED_AVAILABILITY = YES_AGGRESSIVE;
				CLANG_WARN_UNREACHABLE_CODE = YES;
				CLANG_WARN__DUPLICATE_METHOD_MATCH = YES;
				COPY_PHASE_STRIP = NO;
				DEBUG_INFORMATION_FORMAT = dwarf;
				ENABLE_STRICT_OBJC_MSGSEND = YES;
				ENABLE_TESTABILITY = YES;
				GCC_C_LANGUAGE_STANDARD = gnu11;
				GCC_DYNAMIC_NO_PIC = NO;
				GCC_NO_COMMON_BLOCKS = YES;
				GCC_OPTIMIZATION_LEVEL = 0;
				GCC_PREPROCESSOR_DEFINITIONS = (
					"DEBUG=1",
					"$(inherited)",
				);
				GCC_WARN_64_TO_32_BIT_CONVERSION = YES;
				GCC_WARN_ABOUT_RETURN_TYPE = YES_ERROR;
				GCC_WARN_UNDECLARED_SELECTOR = YES;
				GCC_WARN_UNINITIALIZED_AUTOS = YES_AGGRESSIVE;
				GCC_WARN_UNUSED_FUNCTION = YES;
				GCC_WARN_UNUSED_VARIABLE = YES;
				IPHONEOS_DEPLOYMENT_TARGET = 16.2;
				MTL_ENABLE_DEBUG_INFO = INCLUDE_SOURCE;
				MTL_FAST_MATH = YES;
				ONLY_ACTIVE_ARCH = YES;
				SDKROOT = iphoneos;
				SWIFT_ACTIVE_COMPILATION_CONDITIONS = DEBUG;
				SWIFT_OPTIMIZATION_LEVEL = "-Onone";
			};
			name = Debug;
		};
		D1E868A529A12F610019B349 /* Release */ = {
			isa = XCBuildConfiguration;
			buildSettings = {
				ALWAYS_SEARCH_USER_PATHS = NO;
				CLANG_ANALYZER_NONNULL = YES;
				CLANG_ANALYZER_NUMBER_OBJECT_CONVERSION = YES_AGGRESSIVE;
				CLANG_CXX_LANGUAGE_STANDARD = "gnu++20";
				CLANG_ENABLE_MODULES = YES;
				CLANG_ENABLE_OBJC_ARC = YES;
				CLANG_ENABLE_OBJC_WEAK = YES;
				CLANG_WARN_BLOCK_CAPTURE_AUTORELEASING = YES;
				CLANG_WARN_BOOL_CONVERSION = YES;
				CLANG_WARN_COMMA = YES;
				CLANG_WARN_CONSTANT_CONVERSION = YES;
				CLANG_WARN_DEPRECATED_OBJC_IMPLEMENTATIONS = YES;
				CLANG_WARN_DIRECT_OBJC_ISA_USAGE = YES_ERROR;
				CLANG_WARN_DOCUMENTATION_COMMENTS = YES;
				CLANG_WARN_EMPTY_BODY = YES;
				CLANG_WARN_ENUM_CONVERSION = YES;
				CLANG_WARN_INFINITE_RECURSION = YES;
				CLANG_WARN_INT_CONVERSION = YES;
				CLANG_WARN_NON_LITERAL_NULL_CONVERSION = YES;
				CLANG_WARN_OBJC_IMPLICIT_RETAIN_SELF = YES;
				CLANG_WARN_OBJC_LITERAL_CONVERSION = YES;
				CLANG_WARN_OBJC_ROOT_CLASS = YES_ERROR;
				CLANG_WARN_QUOTED_INCLUDE_IN_FRAMEWORK_HEADER = YES;
				CLANG_WARN_RANGE_LOOP_ANALYSIS = YES;
				CLANG_WARN_STRICT_PROTOTYPES = YES;
				CLANG_WARN_SUSPICIOUS_MOVE = YES;
				CLANG_WARN_UNGUARDED_AVAILABILITY = YES_AGGRESSIVE;
				CLANG_WARN_UNREACHABLE_CODE = YES;
				CLANG_WARN__DUPLICATE_METHOD_MATCH = YES;
				COPY_PHASE_STRIP = NO;
				DEBUG_INFORMATION_FORMAT = "dwarf-with-dsym";
				ENABLE_NS_ASSERTIONS = NO;
				ENABLE_STRICT_OBJC_MSGSEND = YES;
				GCC_C_LANGUAGE_STANDARD = gnu11;
				GCC_NO_COMMON_BLOCKS = YES;
				GCC_WARN_64_TO_32_BIT_CONVERSION = YES;
				GCC_WARN_ABOUT_RETURN_TYPE = YES_ERROR;
				GCC_WARN_UNDECLARED_SELECTOR = YES;
				GCC_WARN_UNINITIALIZED_AUTOS = YES_AGGRESSIVE;
				GCC_WARN_UNUSED_FUNCTION = YES;
				GCC_WARN_UNUSED_VARIABLE = YES;
				IPHONEOS_DEPLOYMENT_TARGET = 16.2;
				MTL_ENABLE_DEBUG_INFO = NO;
				MTL_FAST_MATH = YES;
				SDKROOT = iphoneos;
				SWIFT_COMPILATION_MODE = wholemodule;
				SWIFT_OPTIMIZATION_LEVEL = "-O";
				VALIDATE_PRODUCT = YES;
			};
			name = Release;
		};
		D1E868A729A12F610019B349 /* Debug */ = {
			isa = XCBuildConfiguration;
			baseConfigurationReference = 05A9A3B494C02969770D823D /* Pods-TwitterClone.debug.xcconfig */;
			buildSettings = {
				ASSETCATALOG_COMPILER_APPICON_NAME = AppIcon;
				ASSETCATALOG_COMPILER_GLOBAL_ACCENT_COLOR_NAME = AccentColor;
				CODE_SIGN_STYLE = Automatic;
				CURRENT_PROJECT_VERSION = 1;
				DEVELOPMENT_TEAM = R45WMW8LSD;
				GENERATE_INFOPLIST_FILE = YES;
				INFOPLIST_FILE = TwitterClone/Info.plist;
				INFOPLIST_KEY_UIApplicationSupportsIndirectInputEvents = YES;
				INFOPLIST_KEY_UILaunchStoryboardName = LaunchScreen;
				INFOPLIST_KEY_UISupportedInterfaceOrientations_iPad = "UIInterfaceOrientationPortrait UIInterfaceOrientationPortraitUpsideDown UIInterfaceOrientationLandscapeLeft UIInterfaceOrientationLandscapeRight";
				INFOPLIST_KEY_UISupportedInterfaceOrientations_iPhone = "UIInterfaceOrientationPortrait UIInterfaceOrientationLandscapeLeft UIInterfaceOrientationLandscapeRight";
				LD_RUNPATH_SEARCH_PATHS = (
					"$(inherited)",
					"@executable_path/Frameworks",
				);
				MARKETING_VERSION = 1.0;
				PRODUCT_BUNDLE_IDENTIFIER = com.mukhammed.TwitterClone;
				PRODUCT_NAME = "$(TARGET_NAME)";
				SWIFT_EMIT_LOC_STRINGS = YES;
				SWIFT_VERSION = 5.0;
				TARGETED_DEVICE_FAMILY = "1,2";
			};
			name = Debug;
		};
		D1E868A829A12F610019B349 /* Release */ = {
			isa = XCBuildConfiguration;
			baseConfigurationReference = A836912342AF9DCF181E39D7 /* Pods-TwitterClone.release.xcconfig */;
			buildSettings = {
				ASSETCATALOG_COMPILER_APPICON_NAME = AppIcon;
				ASSETCATALOG_COMPILER_GLOBAL_ACCENT_COLOR_NAME = AccentColor;
				CODE_SIGN_STYLE = Automatic;
				CURRENT_PROJECT_VERSION = 1;
				DEVELOPMENT_TEAM = R45WMW8LSD;
				GENERATE_INFOPLIST_FILE = YES;
				INFOPLIST_FILE = TwitterClone/Info.plist;
				INFOPLIST_KEY_UIApplicationSupportsIndirectInputEvents = YES;
				INFOPLIST_KEY_UILaunchStoryboardName = LaunchScreen;
				INFOPLIST_KEY_UISupportedInterfaceOrientations_iPad = "UIInterfaceOrientationPortrait UIInterfaceOrientationPortraitUpsideDown UIInterfaceOrientationLandscapeLeft UIInterfaceOrientationLandscapeRight";
				INFOPLIST_KEY_UISupportedInterfaceOrientations_iPhone = "UIInterfaceOrientationPortrait UIInterfaceOrientationLandscapeLeft UIInterfaceOrientationLandscapeRight";
				LD_RUNPATH_SEARCH_PATHS = (
					"$(inherited)",
					"@executable_path/Frameworks",
				);
				MARKETING_VERSION = 1.0;
				PRODUCT_BUNDLE_IDENTIFIER = com.mukhammed.TwitterClone;
				PRODUCT_NAME = "$(TARGET_NAME)";
				SWIFT_EMIT_LOC_STRINGS = YES;
				SWIFT_VERSION = 5.0;
				TARGETED_DEVICE_FAMILY = "1,2";
			};
			name = Release;
		};
		D1E868AA29A12F610019B349 /* Debug */ = {
			isa = XCBuildConfiguration;
			baseConfigurationReference = C5E0615E27FA3CE3DB7997F1 /* Pods-TwitterCloneTests.debug.xcconfig */;
			buildSettings = {
				ALWAYS_EMBED_SWIFT_STANDARD_LIBRARIES = YES;
				BUNDLE_LOADER = "$(TEST_HOST)";
				CODE_SIGN_STYLE = Automatic;
				CURRENT_PROJECT_VERSION = 1;
				DEVELOPMENT_TEAM = R45WMW8LSD;
				GENERATE_INFOPLIST_FILE = YES;
				IPHONEOS_DEPLOYMENT_TARGET = 16.2;
				MARKETING_VERSION = 1.0;
				PRODUCT_BUNDLE_IDENTIFIER = com.mukhammed.TwitterCloneTests;
				PRODUCT_NAME = "$(TARGET_NAME)";
				SWIFT_EMIT_LOC_STRINGS = NO;
				SWIFT_VERSION = 5.0;
				TARGETED_DEVICE_FAMILY = "1,2";
				TEST_HOST = "$(BUILT_PRODUCTS_DIR)/TwitterClone.app/$(BUNDLE_EXECUTABLE_FOLDER_PATH)/TwitterClone";
			};
			name = Debug;
		};
		D1E868AB29A12F610019B349 /* Release */ = {
			isa = XCBuildConfiguration;
			baseConfigurationReference = 12FEE02ACC3F88C186917D61 /* Pods-TwitterCloneTests.release.xcconfig */;
			buildSettings = {
				ALWAYS_EMBED_SWIFT_STANDARD_LIBRARIES = YES;
				BUNDLE_LOADER = "$(TEST_HOST)";
				CODE_SIGN_STYLE = Automatic;
				CURRENT_PROJECT_VERSION = 1;
				DEVELOPMENT_TEAM = R45WMW8LSD;
				GENERATE_INFOPLIST_FILE = YES;
				IPHONEOS_DEPLOYMENT_TARGET = 16.2;
				MARKETING_VERSION = 1.0;
				PRODUCT_BUNDLE_IDENTIFIER = com.mukhammed.TwitterCloneTests;
				PRODUCT_NAME = "$(TARGET_NAME)";
				SWIFT_EMIT_LOC_STRINGS = NO;
				SWIFT_VERSION = 5.0;
				TARGETED_DEVICE_FAMILY = "1,2";
				TEST_HOST = "$(BUILT_PRODUCTS_DIR)/TwitterClone.app/$(BUNDLE_EXECUTABLE_FOLDER_PATH)/TwitterClone";
			};
			name = Release;
		};
		D1E868AD29A12F610019B349 /* Debug */ = {
			isa = XCBuildConfiguration;
			baseConfigurationReference = 4C0CDB4B49282A10F1249B6D /* Pods-TwitterClone-TwitterCloneUITests.debug.xcconfig */;
			buildSettings = {
				ALWAYS_EMBED_SWIFT_STANDARD_LIBRARIES = YES;
				CODE_SIGN_STYLE = Automatic;
				CURRENT_PROJECT_VERSION = 1;
				DEVELOPMENT_TEAM = R45WMW8LSD;
				GENERATE_INFOPLIST_FILE = YES;
				MARKETING_VERSION = 1.0;
				PRODUCT_BUNDLE_IDENTIFIER = com.mukhammed.TwitterCloneUITests;
				PRODUCT_NAME = "$(TARGET_NAME)";
				SWIFT_EMIT_LOC_STRINGS = NO;
				SWIFT_VERSION = 5.0;
				TARGETED_DEVICE_FAMILY = "1,2";
				TEST_TARGET_NAME = TwitterClone;
			};
			name = Debug;
		};
		D1E868AE29A12F610019B349 /* Release */ = {
			isa = XCBuildConfiguration;
			baseConfigurationReference = AC9A54844CF2E65E1379852F /* Pods-TwitterClone-TwitterCloneUITests.release.xcconfig */;
			buildSettings = {
				ALWAYS_EMBED_SWIFT_STANDARD_LIBRARIES = YES;
				CODE_SIGN_STYLE = Automatic;
				CURRENT_PROJECT_VERSION = 1;
				DEVELOPMENT_TEAM = R45WMW8LSD;
				GENERATE_INFOPLIST_FILE = YES;
				MARKETING_VERSION = 1.0;
				PRODUCT_BUNDLE_IDENTIFIER = com.mukhammed.TwitterCloneUITests;
				PRODUCT_NAME = "$(TARGET_NAME)";
				SWIFT_EMIT_LOC_STRINGS = NO;
				SWIFT_VERSION = 5.0;
				TARGETED_DEVICE_FAMILY = "1,2";
				TEST_TARGET_NAME = TwitterClone;
			};
			name = Release;
		};
/* End XCBuildConfiguration section */

/* Begin XCConfigurationList section */
		D1E8687729A12F5F0019B349 /* Build configuration list for PBXProject "TwitterClone" */ = {
			isa = XCConfigurationList;
			buildConfigurations = (
				D1E868A429A12F610019B349 /* Debug */,
				D1E868A529A12F610019B349 /* Release */,
			);
			defaultConfigurationIsVisible = 0;
			defaultConfigurationName = Release;
		};
		D1E868A629A12F610019B349 /* Build configuration list for PBXNativeTarget "TwitterClone" */ = {
			isa = XCConfigurationList;
			buildConfigurations = (
				D1E868A729A12F610019B349 /* Debug */,
				D1E868A829A12F610019B349 /* Release */,
			);
			defaultConfigurationIsVisible = 0;
			defaultConfigurationName = Release;
		};
		D1E868A929A12F610019B349 /* Build configuration list for PBXNativeTarget "TwitterCloneTests" */ = {
			isa = XCConfigurationList;
			buildConfigurations = (
				D1E868AA29A12F610019B349 /* Debug */,
				D1E868AB29A12F610019B349 /* Release */,
			);
			defaultConfigurationIsVisible = 0;
			defaultConfigurationName = Release;
		};
		D1E868AC29A12F610019B349 /* Build configuration list for PBXNativeTarget "TwitterCloneUITests" */ = {
			isa = XCConfigurationList;
			buildConfigurations = (
				D1E868AD29A12F610019B349 /* Debug */,
				D1E868AE29A12F610019B349 /* Release */,
			);
			defaultConfigurationIsVisible = 0;
			defaultConfigurationName = Release;
		};
/* End XCConfigurationList section */
	};
	rootObject = D1E8687429A12F5F0019B349 /* Project object */;
}
